// !$*UTF8*$!
{
	archiveVersion = 1;
	classes = {
	};
	objectVersion = 56;
	objects = {

/* Begin PBXBuildFile section */
		C63C3C272BD43A8E00E98AD1 /* SuffixArray.swift in Sources */ = {isa = PBXBuildFile; fileRef = C63C3C262BD43A8E00E98AD1 /* SuffixArray.swift */; };
		C63C3C292BD52AE100E98AD1 /* InputView.swift in Sources */ = {isa = PBXBuildFile; fileRef = C63C3C282BD52AE100E98AD1 /* InputView.swift */; };
		C63C3C2E2BD53F1E00E98AD1 /* ResultsContentType.swift in Sources */ = {isa = PBXBuildFile; fileRef = C63C3C2D2BD53F1E00E98AD1 /* ResultsContentType.swift */; };
		C63C3C302BD53F2C00E98AD1 /* SortType.swift in Sources */ = {isa = PBXBuildFile; fileRef = C63C3C2F2BD53F2C00E98AD1 /* SortType.swift */; };
		C63C3C332BD5441500E98AD1 /* ResultsListViewModel.swift in Sources */ = {isa = PBXBuildFile; fileRef = C63C3C322BD5441500E98AD1 /* ResultsListViewModel.swift */; };
		C63C3C352BD5442E00E98AD1 /* ResultsTopViewModel.swift in Sources */ = {isa = PBXBuildFile; fileRef = C63C3C342BD5442E00E98AD1 /* ResultsTopViewModel.swift */; };
		C681B7132BBC7BB10077C2F3 /* HomeworkApp.swift in Sources */ = {isa = PBXBuildFile; fileRef = C681B7122BBC7BB10077C2F3 /* HomeworkApp.swift */; };
		C681B7152BBC7BB10077C2F3 /* ResultsScreen.swift in Sources */ = {isa = PBXBuildFile; fileRef = C681B7142BBC7BB10077C2F3 /* ResultsScreen.swift */; };
		C681B7172BBC7BB20077C2F3 /* Assets.xcassets in Resources */ = {isa = PBXBuildFile; fileRef = C681B7162BBC7BB20077C2F3 /* Assets.xcassets */; };
		C681B71A2BBC7BB20077C2F3 /* Preview Assets.xcassets in Resources */ = {isa = PBXBuildFile; fileRef = C681B7192BBC7BB20077C2F3 /* Preview Assets.xcassets */; };
		C681B7282BBC81820077C2F3 /* AppRouter.swift in Sources */ = {isa = PBXBuildFile; fileRef = C681B7272BBC81820077C2F3 /* AppRouter.swift */; };
		C681B72F2BBC89B80077C2F3 /* Screen.swift in Sources */ = {isa = PBXBuildFile; fileRef = C681B72E2BBC89B80077C2F3 /* Screen.swift */; };
		C681B7322BBC8C890077C2F3 /* ImageView.swift in Sources */ = {isa = PBXBuildFile; fileRef = C681B7312BBC8C890077C2F3 /* ImageView.swift */; };
/* End PBXBuildFile section */

/* Begin PBXFileReference section */
		C63C3C262BD43A8E00E98AD1 /* SuffixArray.swift */ = {isa = PBXFileReference; lastKnownFileType = sourcecode.swift; path = SuffixArray.swift; sourceTree = "<group>"; };
		C63C3C282BD52AE100E98AD1 /* InputView.swift */ = {isa = PBXFileReference; lastKnownFileType = sourcecode.swift; path = InputView.swift; sourceTree = "<group>"; };
		C63C3C2D2BD53F1E00E98AD1 /* ResultsContentType.swift */ = {isa = PBXFileReference; lastKnownFileType = sourcecode.swift; path = ResultsContentType.swift; sourceTree = "<group>"; };
		C63C3C2F2BD53F2C00E98AD1 /* SortType.swift */ = {isa = PBXFileReference; lastKnownFileType = sourcecode.swift; path = SortType.swift; sourceTree = "<group>"; };
		C63C3C322BD5441500E98AD1 /* ResultsListViewModel.swift */ = {isa = PBXFileReference; lastKnownFileType = sourcecode.swift; path = ResultsListViewModel.swift; sourceTree = "<group>"; };
		C63C3C342BD5442E00E98AD1 /* ResultsTopViewModel.swift */ = {isa = PBXFileReference; lastKnownFileType = sourcecode.swift; path = ResultsTopViewModel.swift; sourceTree = "<group>"; };
		C681B70F2BBC7BB10077C2F3 /* Homework.app */ = {isa = PBXFileReference; explicitFileType = wrapper.application; includeInIndex = 0; path = Homework.app; sourceTree = BUILT_PRODUCTS_DIR; };
		C681B7122BBC7BB10077C2F3 /* HomeworkApp.swift */ = {isa = PBXFileReference; lastKnownFileType = sourcecode.swift; path = HomeworkApp.swift; sourceTree = "<group>"; };
		C681B7142BBC7BB10077C2F3 /* ResultsScreen.swift */ = {isa = PBXFileReference; lastKnownFileType = sourcecode.swift; path = ResultsScreen.swift; sourceTree = "<group>"; };
		C681B7162BBC7BB20077C2F3 /* Assets.xcassets */ = {isa = PBXFileReference; lastKnownFileType = folder.assetcatalog; path = Assets.xcassets; sourceTree = "<group>"; };
		C681B7192BBC7BB20077C2F3 /* Preview Assets.xcassets */ = {isa = PBXFileReference; lastKnownFileType = folder.assetcatalog; path = "Preview Assets.xcassets"; sourceTree = "<group>"; };
		C681B7272BBC81820077C2F3 /* AppRouter.swift */ = {isa = PBXFileReference; lastKnownFileType = sourcecode.swift; path = AppRouter.swift; sourceTree = "<group>"; };
		C681B72E2BBC89B80077C2F3 /* Screen.swift */ = {isa = PBXFileReference; lastKnownFileType = sourcecode.swift; path = Screen.swift; sourceTree = "<group>"; };
		C681B7312BBC8C890077C2F3 /* ImageView.swift */ = {isa = PBXFileReference; lastKnownFileType = sourcecode.swift; path = ImageView.swift; sourceTree = "<group>"; };
/* End PBXFileReference section */

/* Begin PBXFrameworksBuildPhase section */
		C681B70C2BBC7BB10077C2F3 /* Frameworks */ = {
			isa = PBXFrameworksBuildPhase;
			buildActionMask = 2147483647;
			files = (
			);
			runOnlyForDeploymentPostprocessing = 0;
		};
/* End PBXFrameworksBuildPhase section */

/* Begin PBXGroup section */
		C63C3C2A2BD5311A00E98AD1 /* Screens */ = {
			isa = PBXGroup;
			children = (
				C63C3C362BD5475200E98AD1 /* Input */,
				C63C3C312BD5440B00E98AD1 /* Results */,
			);
			path = Screens;
			sourceTree = "<group>";
		};
		C63C3C2C2BD53F0900E98AD1 /* Core */ = {
			isa = PBXGroup;
			children = (
				C63C3C262BD43A8E00E98AD1 /* SuffixArray.swift */,
				C63C3C2D2BD53F1E00E98AD1 /* ResultsContentType.swift */,
				C63C3C2F2BD53F2C00E98AD1 /* SortType.swift */,
			);
			path = Core;
			sourceTree = "<group>";
		};
		C63C3C312BD5440B00E98AD1 /* Results */ = {
			isa = PBXGroup;
			children = (
				C681B7142BBC7BB10077C2F3 /* ResultsScreen.swift */,
				C63C3C322BD5441500E98AD1 /* ResultsListViewModel.swift */,
				C63C3C342BD5442E00E98AD1 /* ResultsTopViewModel.swift */,
			);
			path = Results;
			sourceTree = "<group>";
		};
		C63C3C362BD5475200E98AD1 /* Input */ = {
			isa = PBXGroup;
			children = (
				C63C3C282BD52AE100E98AD1 /* InputView.swift */,
			);
			path = Input;
			sourceTree = "<group>";
		};
		C681B7062BBC7BB10077C2F3 = {
			isa = PBXGroup;
			children = (
				C681B7112BBC7BB10077C2F3 /* Homework */,
				C681B7102BBC7BB10077C2F3 /* Products */,
			);
			sourceTree = "<group>";
		};
		C681B7102BBC7BB10077C2F3 /* Products */ = {
			isa = PBXGroup;
			children = (
				C681B70F2BBC7BB10077C2F3 /* Homework.app */,
			);
			name = Products;
			sourceTree = "<group>";
		};
		C681B7112BBC7BB10077C2F3 /* Homework */ = {
			isa = PBXGroup;
			children = (
				C681B7122BBC7BB10077C2F3 /* HomeworkApp.swift */,
				C681B7162BBC7BB20077C2F3 /* Assets.xcassets */,
				C681B7302BBC8C7F0077C2F3 /* Components */,
				C63C3C2C2BD53F0900E98AD1 /* Core */,
				C681B7182BBC7BB20077C2F3 /* Preview Content */,
				C681B7292BBC82780077C2F3 /* Router */,
				C63C3C2A2BD5311A00E98AD1 /* Screens */,
			);
			path = Homework;
			sourceTree = "<group>";
		};
		C681B7182BBC7BB20077C2F3 /* Preview Content */ = {
			isa = PBXGroup;
			children = (
				C681B7192BBC7BB20077C2F3 /* Preview Assets.xcassets */,
			);
			path = "Preview Content";
			sourceTree = "<group>";
		};
		C681B7292BBC82780077C2F3 /* Router */ = {
			isa = PBXGroup;
			children = (
				C681B7272BBC81820077C2F3 /* AppRouter.swift */,
				C681B72E2BBC89B80077C2F3 /* Screen.swift */,
			);
			path = Router;
			sourceTree = "<group>";
		};
		C681B7302BBC8C7F0077C2F3 /* Components */ = {
			isa = PBXGroup;
			children = (
				C681B7312BBC8C890077C2F3 /* ImageView.swift */,
			);
			path = Components;
			sourceTree = "<group>";
		};
/* End PBXGroup section */

/* Begin PBXNativeTarget section */
		C681B70E2BBC7BB10077C2F3 /* Homework */ = {
			isa = PBXNativeTarget;
			buildConfigurationList = C681B71D2BBC7BB20077C2F3 /* Build configuration list for PBXNativeTarget "Homework" */;
			buildPhases = (
				C681B70B2BBC7BB10077C2F3 /* Sources */,
				C681B70C2BBC7BB10077C2F3 /* Frameworks */,
				C681B70D2BBC7BB10077C2F3 /* Resources */,
			);
			buildRules = (
			);
			dependencies = (
			);
			name = Homework;
			productName = Homework;
			productReference = C681B70F2BBC7BB10077C2F3 /* Homework.app */;
			productType = "com.apple.product-type.application";
		};
/* End PBXNativeTarget section */

/* Begin PBXProject section */
		C681B7072BBC7BB10077C2F3 /* Project object */ = {
			isa = PBXProject;
			attributes = {
				BuildIndependentTargetsInParallel = 1;
				LastSwiftUpdateCheck = 1520;
				LastUpgradeCheck = 1520;
				TargetAttributes = {
					C681B70E2BBC7BB10077C2F3 = {
						CreatedOnToolsVersion = 15.2;
					};
				};
			};
			buildConfigurationList = C681B70A2BBC7BB10077C2F3 /* Build configuration list for PBXProject "Homework" */;
			compatibilityVersion = "Xcode 14.0";
			developmentRegion = en;
			hasScannedForEncodings = 0;
			knownRegions = (
				en,
				Base,
			);
			mainGroup = C681B7062BBC7BB10077C2F3;
			productRefGroup = C681B7102BBC7BB10077C2F3 /* Products */;
			projectDirPath = "";
			projectRoot = "";
			targets = (
				C681B70E2BBC7BB10077C2F3 /* Homework */,
			);
		};
/* End PBXProject section */

/* Begin PBXResourcesBuildPhase section */
		C681B70D2BBC7BB10077C2F3 /* Resources */ = {
			isa = PBXResourcesBuildPhase;
			buildActionMask = 2147483647;
			files = (
				C681B71A2BBC7BB20077C2F3 /* Preview Assets.xcassets in Resources */,
				C681B7172BBC7BB20077C2F3 /* Assets.xcassets in Resources */,
			);
			runOnlyForDeploymentPostprocessing = 0;
		};
/* End PBXResourcesBuildPhase section */

/* Begin PBXSourcesBuildPhase section */
		C681B70B2BBC7BB10077C2F3 /* Sources */ = {
			isa = PBXSourcesBuildPhase;
			buildActionMask = 2147483647;
			files = (
				C63C3C352BD5442E00E98AD1 /* ResultsTopViewModel.swift in Sources */,
				C681B72F2BBC89B80077C2F3 /* Screen.swift in Sources */,
				C681B7152BBC7BB10077C2F3 /* ResultsScreen.swift in Sources */,
				C63C3C2E2BD53F1E00E98AD1 /* ResultsContentType.swift in Sources */,
				C63C3C332BD5441500E98AD1 /* ResultsListViewModel.swift in Sources */,
				C681B7282BBC81820077C2F3 /* AppRouter.swift in Sources */,
				C63C3C302BD53F2C00E98AD1 /* SortType.swift in Sources */,
				C63C3C272BD43A8E00E98AD1 /* SuffixArray.swift in Sources */,
				C681B7322BBC8C890077C2F3 /* ImageView.swift in Sources */,
				C63C3C292BD52AE100E98AD1 /* InputView.swift in Sources */,
				C681B7132BBC7BB10077C2F3 /* HomeworkApp.swift in Sources */,
			);
			runOnlyForDeploymentPostprocessing = 0;
		};
/* End PBXSourcesBuildPhase section */

/* Begin XCBuildConfiguration section */
		C681B71B2BBC7BB20077C2F3 /* Debug */ = {
			isa = XCBuildConfiguration;
			buildSettings = {
				ALWAYS_SEARCH_USER_PATHS = NO;
				ASSETCATALOG_COMPILER_GENERATE_SWIFT_ASSET_SYMBOL_EXTENSIONS = YES;
				CLANG_ANALYZER_NONNULL = YES;
				CLANG_ANALYZER_NUMBER_OBJECT_CONVERSION = YES_AGGRESSIVE;
				CLANG_CXX_LANGUAGE_STANDARD = "gnu++20";
				CLANG_ENABLE_MODULES = YES;
				CLANG_ENABLE_OBJC_ARC = YES;
				CLANG_ENABLE_OBJC_WEAK = YES;
				CLANG_WARN_BLOCK_CAPTURE_AUTORELEASING = YES;
				CLANG_WARN_BOOL_CONVERSION = YES;
				CLANG_WARN_COMMA = YES;
				CLANG_WARN_CONSTANT_CONVERSION = YES;
				CLANG_WARN_DEPRECATED_OBJC_IMPLEMENTATIONS = YES;
				CLANG_WARN_DIRECT_OBJC_ISA_USAGE = YES_ERROR;
				CLANG_WARN_DOCUMENTATION_COMMENTS = YES;
				CLANG_WARN_EMPTY_BODY = YES;
				CLANG_WARN_ENUM_CONVERSION = YES;
				CLANG_WARN_INFINITE_RECURSION = YES;
				CLANG_WARN_INT_CONVERSION = YES;
				CLANG_WARN_NON_LITERAL_NULL_CONVERSION = YES;
				CLANG_WARN_OBJC_IMPLICIT_RETAIN_SELF = YES;
				CLANG_WARN_OBJC_LITERAL_CONVERSION = YES;
				CLANG_WARN_OBJC_ROOT_CLASS = YES_ERROR;
				CLANG_WARN_QUOTED_INCLUDE_IN_FRAMEWORK_HEADER = YES;
				CLANG_WARN_RANGE_LOOP_ANALYSIS = YES;
				CLANG_WARN_STRICT_PROTOTYPES = YES;
				CLANG_WARN_SUSPICIOUS_MOVE = YES;
				CLANG_WARN_UNGUARDED_AVAILABILITY = YES_AGGRESSIVE;
				CLANG_WARN_UNREACHABLE_CODE = YES;
				CLANG_WARN__DUPLICATE_METHOD_MATCH = YES;
				COPY_PHASE_STRIP = NO;
				DEBUG_INFORMATION_FORMAT = dwarf;
				ENABLE_STRICT_OBJC_MSGSEND = YES;
				ENABLE_TESTABILITY = YES;
				ENABLE_USER_SCRIPT_SANDBOXING = YES;
				GCC_C_LANGUAGE_STANDARD = gnu17;
				GCC_DYNAMIC_NO_PIC = NO;
				GCC_NO_COMMON_BLOCKS = YES;
				GCC_OPTIMIZATION_LEVEL = 0;
				GCC_PREPROCESSOR_DEFINITIONS = (
					"DEBUG=1",
					"$(inherited)",
				);
				GCC_WARN_64_TO_32_BIT_CONVERSION = YES;
				GCC_WARN_ABOUT_RETURN_TYPE = YES_ERROR;
				GCC_WARN_UNDECLARED_SELECTOR = YES;
				GCC_WARN_UNINITIALIZED_AUTOS = YES_AGGRESSIVE;
				GCC_WARN_UNUSED_FUNCTION = YES;
				GCC_WARN_UNUSED_VARIABLE = YES;
				IPHONEOS_DEPLOYMENT_TARGET = 17.2;
				LOCALIZATION_PREFERS_STRING_CATALOGS = YES;
				MTL_ENABLE_DEBUG_INFO = INCLUDE_SOURCE;
				MTL_FAST_MATH = YES;
				ONLY_ACTIVE_ARCH = YES;
				SDKROOT = iphoneos;
				SWIFT_ACTIVE_COMPILATION_CONDITIONS = "DEBUG $(inherited)";
				SWIFT_OPTIMIZATION_LEVEL = "-Onone";
			};
			name = Debug;
		};
		C681B71C2BBC7BB20077C2F3 /* Release */ = {
			isa = XCBuildConfiguration;
			buildSettings = {
				ALWAYS_SEARCH_USER_PATHS = NO;
				ASSETCATALOG_COMPILER_GENERATE_SWIFT_ASSET_SYMBOL_EXTENSIONS = YES;
				CLANG_ANALYZER_NONNULL = YES;
				CLANG_ANALYZER_NUMBER_OBJECT_CONVERSION = YES_AGGRESSIVE;
				CLANG_CXX_LANGUAGE_STANDARD = "gnu++20";
				CLANG_ENABLE_MODULES = YES;
				CLANG_ENABLE_OBJC_ARC = YES;
				CLANG_ENABLE_OBJC_WEAK = YES;
				CLANG_WARN_BLOCK_CAPTURE_AUTORELEASING = YES;
				CLANG_WARN_BOOL_CONVERSION = YES;
				CLANG_WARN_COMMA = YES;
				CLANG_WARN_CONSTANT_CONVERSION = YES;
				CLANG_WARN_DEPRECATED_OBJC_IMPLEMENTATIONS = YES;
				CLANG_WARN_DIRECT_OBJC_ISA_USAGE = YES_ERROR;
				CLANG_WARN_DOCUMENTATION_COMMENTS = YES;
				CLANG_WARN_EMPTY_BODY = YES;
				CLANG_WARN_ENUM_CONVERSION = YES;
				CLANG_WARN_INFINITE_RECURSION = YES;
				CLANG_WARN_INT_CONVERSION = YES;
				CLANG_WARN_NON_LITERAL_NULL_CONVERSION = YES;
				CLANG_WARN_OBJC_IMPLICIT_RETAIN_SELF = YES;
				CLANG_WARN_OBJC_LITERAL_CONVERSION = YES;
				CLANG_WARN_OBJC_ROOT_CLASS = YES_ERROR;
				CLANG_WARN_QUOTED_INCLUDE_IN_FRAMEWORK_HEADER = YES;
				CLANG_WARN_RANGE_LOOP_ANALYSIS = YES;
				CLANG_WARN_STRICT_PROTOTYPES = YES;
				CLANG_WARN_SUSPICIOUS_MOVE = YES;
				CLANG_WARN_UNGUARDED_AVAILABILITY = YES_AGGRESSIVE;
				CLANG_WARN_UNREACHABLE_CODE = YES;
				CLANG_WARN__DUPLICATE_METHOD_MATCH = YES;
				COPY_PHASE_STRIP = NO;
				DEBUG_INFORMATION_FORMAT = "dwarf-with-dsym";
				ENABLE_NS_ASSERTIONS = NO;
				ENABLE_STRICT_OBJC_MSGSEND = YES;
				ENABLE_USER_SCRIPT_SANDBOXING = YES;
				GCC_C_LANGUAGE_STANDARD = gnu17;
				GCC_NO_COMMON_BLOCKS = YES;
				GCC_WARN_64_TO_32_BIT_CONVERSION = YES;
				GCC_WARN_ABOUT_RETURN_TYPE = YES_ERROR;
				GCC_WARN_UNDECLARED_SELECTOR = YES;
				GCC_WARN_UNINITIALIZED_AUTOS = YES_AGGRESSIVE;
				GCC_WARN_UNUSED_FUNCTION = YES;
				GCC_WARN_UNUSED_VARIABLE = YES;
				IPHONEOS_DEPLOYMENT_TARGET = 17.2;
				LOCALIZATION_PREFERS_STRING_CATALOGS = YES;
				MTL_ENABLE_DEBUG_INFO = NO;
				MTL_FAST_MATH = YES;
				SDKROOT = iphoneos;
				SWIFT_COMPILATION_MODE = wholemodule;
				VALIDATE_PRODUCT = YES;
			};
			name = Release;
		};
		C681B71E2BBC7BB20077C2F3 /* Debug */ = {
			isa = XCBuildConfiguration;
			buildSettings = {
				ASSETCATALOG_COMPILER_APPICON_NAME = AppIcon;
				ASSETCATALOG_COMPILER_GLOBAL_ACCENT_COLOR_NAME = AccentColor;
				CODE_SIGN_STYLE = Automatic;
				CURRENT_PROJECT_VERSION = 1;
				DEVELOPMENT_ASSET_PATHS = "\"Homework/Preview Content\"";
				DEVELOPMENT_TEAM = RNXT6P5KC8;
				ENABLE_PREVIEWS = YES;
				GENERATE_INFOPLIST_FILE = YES;
				INFOPLIST_KEY_UIApplicationSceneManifest_Generation = YES;
				INFOPLIST_KEY_UIApplicationSupportsIndirectInputEvents = YES;
				INFOPLIST_KEY_UILaunchScreen_Generation = YES;
				INFOPLIST_KEY_UISupportedInterfaceOrientations_iPad = "UIInterfaceOrientationPortrait UIInterfaceOrientationPortraitUpsideDown UIInterfaceOrientationLandscapeLeft UIInterfaceOrientationLandscapeRight";
				INFOPLIST_KEY_UISupportedInterfaceOrientations_iPhone = "UIInterfaceOrientationPortrait UIInterfaceOrientationLandscapeLeft UIInterfaceOrientationLandscapeRight";
				IPHONEOS_DEPLOYMENT_TARGET = 16.0;
				LD_RUNPATH_SEARCH_PATHS = (
					"$(inherited)",
					"@executable_path/Frameworks",
				);
				MARKETING_VERSION = 1.0;
				PRODUCT_BUNDLE_IDENTIFIER = com.vladEliseev.Homework;
				PRODUCT_NAME = "$(TARGET_NAME)";
				SWIFT_EMIT_LOC_STRINGS = YES;
				SWIFT_VERSION = 5.0;
				TARGETED_DEVICE_FAMILY = "1,2";
			};
			name = Debug;
		};
		C681B71F2BBC7BB20077C2F3 /* Release */ = {
			isa = XCBuildConfiguration;
			buildSettings = {
				ASSETCATALOG_COMPILER_APPICON_NAME = AppIcon;
				ASSETCATALOG_COMPILER_GLOBAL_ACCENT_COLOR_NAME = AccentColor;
				CODE_SIGN_STYLE = Automatic;
				CURRENT_PROJECT_VERSION = 1;
				DEVELOPMENT_ASSET_PATHS = "\"Homework/Preview Content\"";
				DEVELOPMENT_TEAM = RNXT6P5KC8;
				ENABLE_PREVIEWS = YES;
				GENERATE_INFOPLIST_FILE = YES;
				INFOPLIST_KEY_UIApplicationSceneManifest_Generation = YES;
				INFOPLIST_KEY_UIApplicationSupportsIndirectInputEvents = YES;
				INFOPLIST_KEY_UILaunchScreen_Generation = YES;
				INFOPLIST_KEY_UISupportedInterfaceOrientations_iPad = "UIInterfaceOrientationPortrait UIInterfaceOrientationPortraitUpsideDown UIInterfaceOrientationLandscapeLeft UIInterfaceOrientationLandscapeRight";
				INFOPLIST_KEY_UISupportedInterfaceOrientations_iPhone = "UIInterfaceOrientationPortrait UIInterfaceOrientationLandscapeLeft UIInterfaceOrientationLandscapeRight";
				IPHONEOS_DEPLOYMENT_TARGET = 16.0;
				LD_RUNPATH_SEARCH_PATHS = (
					"$(inherited)",
					"@executable_path/Frameworks",
				);
				MARKETING_VERSION = 1.0;
				PRODUCT_BUNDLE_IDENTIFIER = com.vladEliseev.Homework;
				PRODUCT_NAME = "$(TARGET_NAME)";
				SWIFT_EMIT_LOC_STRINGS = YES;
				SWIFT_VERSION = 5.0;
				TARGETED_DEVICE_FAMILY = "1,2";
			};
			name = Release;
		};
/* End XCBuildConfiguration section */

/* Begin XCConfigurationList section */
		C681B70A2BBC7BB10077C2F3 /* Build configuration list for PBXProject "Homework" */ = {
			isa = XCConfigurationList;
			buildConfigurations = (
				C681B71B2BBC7BB20077C2F3 /* Debug */,
				C681B71C2BBC7BB20077C2F3 /* Release */,
			);
			defaultConfigurationIsVisible = 0;
			defaultConfigurationName = Release;
		};
		C681B71D2BBC7BB20077C2F3 /* Build configuration list for PBXNativeTarget "Homework" */ = {
			isa = XCConfigurationList;
			buildConfigurations = (
				C681B71E2BBC7BB20077C2F3 /* Debug */,
				C681B71F2BBC7BB20077C2F3 /* Release */,
			);
			defaultConfigurationIsVisible = 0;
			defaultConfigurationName = Release;
		};
/* End XCConfigurationList section */
	};
	rootObject = C681B7072BBC7BB10077C2F3 /* Project object */;
}
